// !$*UTF8*$!
{
	archiveVersion = 1;
	classes = {
	};
	objectVersion = 51;
	objects = {

/* Begin PBXBuildFile section */
		727B0FCE24E3BA4400EF17B9 /* AppDelegate.swift in Sources */ = {isa = PBXBuildFile; fileRef = 727B0FCD24E3BA4400EF17B9 /* AppDelegate.swift */; };
		727B0FD524E3BA4400EF17B9 /* Main.storyboard in Resources */ = {isa = PBXBuildFile; fileRef = 727B0FD324E3BA4400EF17B9 /* Main.storyboard */; };
		727B0FD724E3BA4700EF17B9 /* Assets.xcassets in Resources */ = {isa = PBXBuildFile; fileRef = 727B0FD624E3BA4700EF17B9 /* Assets.xcassets */; };
		727B0FDA24E3BA4700EF17B9 /* LaunchScreen.storyboard in Resources */ = {isa = PBXBuildFile; fileRef = 727B0FD824E3BA4700EF17B9 /* LaunchScreen.storyboard */; };
		727B0FE524E3BA4700EF17B9 /* SPHSampleTestTests.swift in Sources */ = {isa = PBXBuildFile; fileRef = 727B0FE424E3BA4700EF17B9 /* SPHSampleTestTests.swift */; };
		727B0FF024E3BA4700EF17B9 /* SPHSampleTestUITests.swift in Sources */ = {isa = PBXBuildFile; fileRef = 727B0FEF24E3BA4700EF17B9 /* SPHSampleTestUITests.swift */; };
		727B100324E3BCF700EF17B9 /* UrlConstant.swift in Sources */ = {isa = PBXBuildFile; fileRef = 727B100224E3BCF700EF17B9 /* UrlConstant.swift */; };
		727B100524E3BD1200EF17B9 /* SPHTableViewCell.swift in Sources */ = {isa = PBXBuildFile; fileRef = 727B100424E3BD1200EF17B9 /* SPHTableViewCell.swift */; };
		727B100724E3BD2100EF17B9 /* SPHDataViewController.swift in Sources */ = {isa = PBXBuildFile; fileRef = 727B100624E3BD2100EF17B9 /* SPHDataViewController.swift */; };
		727B100924E3BD2E00EF17B9 /* SPHDataInteractor.swift in Sources */ = {isa = PBXBuildFile; fileRef = 727B100824E3BD2E00EF17B9 /* SPHDataInteractor.swift */; };
		727B100B24E3BD3C00EF17B9 /* SPHDataModel.swift in Sources */ = {isa = PBXBuildFile; fileRef = 727B100A24E3BD3C00EF17B9 /* SPHDataModel.swift */; };
		727B100D24E3BD4400EF17B9 /* SPHDataPresenter.swift in Sources */ = {isa = PBXBuildFile; fileRef = 727B100C24E3BD4400EF17B9 /* SPHDataPresenter.swift */; };
		727B100F24E3BD6E00EF17B9 /* SPHDataRouter.swift in Sources */ = {isa = PBXBuildFile; fileRef = 727B100E24E3BD6E00EF17B9 /* SPHDataRouter.swift */; };
		727B101124E3BD7700EF17B9 /* SPHDataViewModel.swift in Sources */ = {isa = PBXBuildFile; fileRef = 727B101024E3BD7700EF17B9 /* SPHDataViewModel.swift */; };
		727B101324E3BD7F00EF17B9 /* SPHDataWorker.swift in Sources */ = {isa = PBXBuildFile; fileRef = 727B101224E3BD7F00EF17B9 /* SPHDataWorker.swift */; };
		727B101524E3BD9900EF17B9 /* SPHDataTableViewCell.swift in Sources */ = {isa = PBXBuildFile; fileRef = 727B101424E3BD9900EF17B9 /* SPHDataTableViewCell.swift */; };
		727B101724E3C94F00EF17B9 /* SPHDataTableViewCell.xib in Resources */ = {isa = PBXBuildFile; fileRef = 727B101624E3C94F00EF17B9 /* SPHDataTableViewCell.xib */; };
		B5FDD4CDEE00A1889AFA6EFC /* Pods_SPHSampleTestTests.framework in Frameworks */ = {isa = PBXBuildFile; fileRef = A3BB6EF510DD6564A1B28B6B /* Pods_SPHSampleTestTests.framework */; };
		BD6325520C9CC1B086FEFBB0 /* Pods_SPHSampleTest.framework in Frameworks */ = {isa = PBXBuildFile; fileRef = 421766AF7F8CF3C885735839 /* Pods_SPHSampleTest.framework */; };
		E19B31F5193C09AE72010159 /* Pods_SPHSampleTest_SPHSampleTestUITests.framework in Frameworks */ = {isa = PBXBuildFile; fileRef = D51EE77C78A311D2C587672E /* Pods_SPHSampleTest_SPHSampleTestUITests.framework */; };
/* End PBXBuildFile section */

/* Begin PBXContainerItemProxy section */
		727B0FE124E3BA4700EF17B9 /* PBXContainerItemProxy */ = {
			isa = PBXContainerItemProxy;
			containerPortal = 727B0FC224E3BA4400EF17B9 /* Project object */;
			proxyType = 1;
			remoteGlobalIDString = 727B0FC924E3BA4400EF17B9;
			remoteInfo = SPHSampleTest;
		};
		727B0FEC24E3BA4700EF17B9 /* PBXContainerItemProxy */ = {
			isa = PBXContainerItemProxy;
			containerPortal = 727B0FC224E3BA4400EF17B9 /* Project object */;
			proxyType = 1;
			remoteGlobalIDString = 727B0FC924E3BA4400EF17B9;
			remoteInfo = SPHSampleTest;
		};
/* End PBXContainerItemProxy section */

/* Begin PBXFileReference section */
		07AA7D894508C24E7918841C /* Pods-SPHSampleTestTests.release.xcconfig */ = {isa = PBXFileReference; includeInIndex = 1; lastKnownFileType = text.xcconfig; name = "Pods-SPHSampleTestTests.release.xcconfig"; path = "Target Support Files/Pods-SPHSampleTestTests/Pods-SPHSampleTestTests.release.xcconfig"; sourceTree = "<group>"; };
		37500F5D393D7D6D76AF4396 /* Pods-SPHSampleTest.debug.xcconfig */ = {isa = PBXFileReference; includeInIndex = 1; lastKnownFileType = text.xcconfig; name = "Pods-SPHSampleTest.debug.xcconfig"; path = "Target Support Files/Pods-SPHSampleTest/Pods-SPHSampleTest.debug.xcconfig"; sourceTree = "<group>"; };
		421766AF7F8CF3C885735839 /* Pods_SPHSampleTest.framework */ = {isa = PBXFileReference; explicitFileType = wrapper.framework; includeInIndex = 0; path = Pods_SPHSampleTest.framework; sourceTree = BUILT_PRODUCTS_DIR; };
		5E2F5C12148C5A6300780E59 /* Pods-SPHSampleTestTests.debug.xcconfig */ = {isa = PBXFileReference; includeInIndex = 1; lastKnownFileType = text.xcconfig; name = "Pods-SPHSampleTestTests.debug.xcconfig"; path = "Target Support Files/Pods-SPHSampleTestTests/Pods-SPHSampleTestTests.debug.xcconfig"; sourceTree = "<group>"; };
		727B0FCA24E3BA4400EF17B9 /* SPHSampleTest.app */ = {isa = PBXFileReference; explicitFileType = wrapper.application; includeInIndex = 0; path = SPHSampleTest.app; sourceTree = BUILT_PRODUCTS_DIR; };
		727B0FCD24E3BA4400EF17B9 /* AppDelegate.swift */ = {isa = PBXFileReference; lastKnownFileType = sourcecode.swift; path = AppDelegate.swift; sourceTree = "<group>"; };
		727B0FD424E3BA4400EF17B9 /* Base */ = {isa = PBXFileReference; lastKnownFileType = file.storyboard; name = Base; path = Base.lproj/Main.storyboard; sourceTree = "<group>"; };
		727B0FD624E3BA4700EF17B9 /* Assets.xcassets */ = {isa = PBXFileReference; lastKnownFileType = folder.assetcatalog; path = Assets.xcassets; sourceTree = "<group>"; };
		727B0FD924E3BA4700EF17B9 /* Base */ = {isa = PBXFileReference; lastKnownFileType = file.storyboard; name = Base; path = Base.lproj/LaunchScreen.storyboard; sourceTree = "<group>"; };
		727B0FDB24E3BA4700EF17B9 /* Info.plist */ = {isa = PBXFileReference; lastKnownFileType = text.plist.xml; path = Info.plist; sourceTree = "<group>"; };
		727B0FE024E3BA4700EF17B9 /* SPHSampleTestTests.xctest */ = {isa = PBXFileReference; explicitFileType = wrapper.cfbundle; includeInIndex = 0; path = SPHSampleTestTests.xctest; sourceTree = BUILT_PRODUCTS_DIR; };
		727B0FE424E3BA4700EF17B9 /* SPHSampleTestTests.swift */ = {isa = PBXFileReference; lastKnownFileType = sourcecode.swift; path = SPHSampleTestTests.swift; sourceTree = "<group>"; };
		727B0FE624E3BA4700EF17B9 /* Info.plist */ = {isa = PBXFileReference; lastKnownFileType = text.plist.xml; path = Info.plist; sourceTree = "<group>"; };
		727B0FEB24E3BA4700EF17B9 /* SPHSampleTestUITests.xctest */ = {isa = PBXFileReference; explicitFileType = wrapper.cfbundle; includeInIndex = 0; path = SPHSampleTestUITests.xctest; sourceTree = BUILT_PRODUCTS_DIR; };
		727B0FEF24E3BA4700EF17B9 /* SPHSampleTestUITests.swift */ = {isa = PBXFileReference; lastKnownFileType = sourcecode.swift; path = SPHSampleTestUITests.swift; sourceTree = "<group>"; };
		727B0FF124E3BA4700EF17B9 /* Info.plist */ = {isa = PBXFileReference; lastKnownFileType = text.plist.xml; path = Info.plist; sourceTree = "<group>"; };
		727B100224E3BCF700EF17B9 /* UrlConstant.swift */ = {isa = PBXFileReference; lastKnownFileType = sourcecode.swift; path = UrlConstant.swift; sourceTree = "<group>"; };
		727B100424E3BD1200EF17B9 /* SPHTableViewCell.swift */ = {isa = PBXFileReference; lastKnownFileType = sourcecode.swift; path = SPHTableViewCell.swift; sourceTree = "<group>"; };
		727B100624E3BD2100EF17B9 /* SPHDataViewController.swift */ = {isa = PBXFileReference; lastKnownFileType = sourcecode.swift; path = SPHDataViewController.swift; sourceTree = "<group>"; };
		727B100824E3BD2E00EF17B9 /* SPHDataInteractor.swift */ = {isa = PBXFileReference; lastKnownFileType = sourcecode.swift; path = SPHDataInteractor.swift; sourceTree = "<group>"; };
		727B100A24E3BD3C00EF17B9 /* SPHDataModel.swift */ = {isa = PBXFileReference; lastKnownFileType = sourcecode.swift; path = SPHDataModel.swift; sourceTree = "<group>"; };
		727B100C24E3BD4400EF17B9 /* SPHDataPresenter.swift */ = {isa = PBXFileReference; lastKnownFileType = sourcecode.swift; path = SPHDataPresenter.swift; sourceTree = "<group>"; };
		727B100E24E3BD6E00EF17B9 /* SPHDataRouter.swift */ = {isa = PBXFileReference; lastKnownFileType = sourcecode.swift; path = SPHDataRouter.swift; sourceTree = "<group>"; };
		727B101024E3BD7700EF17B9 /* SPHDataViewModel.swift */ = {isa = PBXFileReference; lastKnownFileType = sourcecode.swift; path = SPHDataViewModel.swift; sourceTree = "<group>"; };
		727B101224E3BD7F00EF17B9 /* SPHDataWorker.swift */ = {isa = PBXFileReference; lastKnownFileType = sourcecode.swift; path = SPHDataWorker.swift; sourceTree = "<group>"; };
		727B101424E3BD9900EF17B9 /* SPHDataTableViewCell.swift */ = {isa = PBXFileReference; lastKnownFileType = sourcecode.swift; path = SPHDataTableViewCell.swift; sourceTree = "<group>"; };
		727B101624E3C94F00EF17B9 /* SPHDataTableViewCell.xib */ = {isa = PBXFileReference; fileEncoding = 4; lastKnownFileType = file.xib; path = SPHDataTableViewCell.xib; sourceTree = "<group>"; };
		A3BB6EF510DD6564A1B28B6B /* Pods_SPHSampleTestTests.framework */ = {isa = PBXFileReference; explicitFileType = wrapper.framework; includeInIndex = 0; path = Pods_SPHSampleTestTests.framework; sourceTree = BUILT_PRODUCTS_DIR; };
		B228383BBB8E03A435CAB39E /* Pods-SPHSampleTest.release.xcconfig */ = {isa = PBXFileReference; includeInIndex = 1; lastKnownFileType = text.xcconfig; name = "Pods-SPHSampleTest.release.xcconfig"; path = "Target Support Files/Pods-SPHSampleTest/Pods-SPHSampleTest.release.xcconfig"; sourceTree = "<group>"; };
		B754CB46FD23C9176581CE72 /* Pods-SPHSampleTest-SPHSampleTestUITests.release.xcconfig */ = {isa = PBXFileReference; includeInIndex = 1; lastKnownFileType = text.xcconfig; name = "Pods-SPHSampleTest-SPHSampleTestUITests.release.xcconfig"; path = "Target Support Files/Pods-SPHSampleTest-SPHSampleTestUITests/Pods-SPHSampleTest-SPHSampleTestUITests.release.xcconfig"; sourceTree = "<group>"; };
		CAE9E35C1A6A5553973996A9 /* Pods-SPHSampleTest-SPHSampleTestUITests.debug.xcconfig */ = {isa = PBXFileReference; includeInIndex = 1; lastKnownFileType = text.xcconfig; name = "Pods-SPHSampleTest-SPHSampleTestUITests.debug.xcconfig"; path = "Target Support Files/Pods-SPHSampleTest-SPHSampleTestUITests/Pods-SPHSampleTest-SPHSampleTestUITests.debug.xcconfig"; sourceTree = "<group>"; };
		D51EE77C78A311D2C587672E /* Pods_SPHSampleTest_SPHSampleTestUITests.framework */ = {isa = PBXFileReference; explicitFileType = wrapper.framework; includeInIndex = 0; path = Pods_SPHSampleTest_SPHSampleTestUITests.framework; sourceTree = BUILT_PRODUCTS_DIR; };
/* End PBXFileReference section */

/* Begin PBXFrameworksBuildPhase section */
		727B0FC724E3BA4400EF17B9 /* Frameworks */ = {
			isa = PBXFrameworksBuildPhase;
			buildActionMask = 2147483647;
			files = (
				BD6325520C9CC1B086FEFBB0 /* Pods_SPHSampleTest.framework in Frameworks */,
			);
			runOnlyForDeploymentPostprocessing = 0;
		};
		727B0FDD24E3BA4700EF17B9 /* Frameworks */ = {
			isa = PBXFrameworksBuildPhase;
			buildActionMask = 2147483647;
			files = (
				B5FDD4CDEE00A1889AFA6EFC /* Pods_SPHSampleTestTests.framework in Frameworks */,
			);
			runOnlyForDeploymentPostprocessing = 0;
		};
		727B0FE824E3BA4700EF17B9 /* Frameworks */ = {
			isa = PBXFrameworksBuildPhase;
			buildActionMask = 2147483647;
			files = (
				E19B31F5193C09AE72010159 /* Pods_SPHSampleTest_SPHSampleTestUITests.framework in Frameworks */,
			);
			runOnlyForDeploymentPostprocessing = 0;
		};
/* End PBXFrameworksBuildPhase section */

/* Begin PBXGroup section */
		154E3897C30E8E712BF15AB4 /* Pods */ = {
			isa = PBXGroup;
			children = (
				37500F5D393D7D6D76AF4396 /* Pods-SPHSampleTest.debug.xcconfig */,
				B228383BBB8E03A435CAB39E /* Pods-SPHSampleTest.release.xcconfig */,
				CAE9E35C1A6A5553973996A9 /* Pods-SPHSampleTest-SPHSampleTestUITests.debug.xcconfig */,
				B754CB46FD23C9176581CE72 /* Pods-SPHSampleTest-SPHSampleTestUITests.release.xcconfig */,
				5E2F5C12148C5A6300780E59 /* Pods-SPHSampleTestTests.debug.xcconfig */,
				07AA7D894508C24E7918841C /* Pods-SPHSampleTestTests.release.xcconfig */,
			);
			path = Pods;
			sourceTree = "<group>";
		};
		5F10405CFDE3E034A1B0B9B7 /* Frameworks */ = {
			isa = PBXGroup;
			children = (
				421766AF7F8CF3C885735839 /* Pods_SPHSampleTest.framework */,
				D51EE77C78A311D2C587672E /* Pods_SPHSampleTest_SPHSampleTestUITests.framework */,
				A3BB6EF510DD6564A1B28B6B /* Pods_SPHSampleTestTests.framework */,
			);
			name = Frameworks;
			sourceTree = "<group>";
		};
		727B0FC124E3BA4400EF17B9 = {
			isa = PBXGroup;
			children = (
				727B0FCC24E3BA4400EF17B9 /* SPHSampleTest */,
				727B0FE324E3BA4700EF17B9 /* SPHSampleTestTests */,
				727B0FEE24E3BA4700EF17B9 /* SPHSampleTestUITests */,
				727B0FCB24E3BA4400EF17B9 /* Products */,
				154E3897C30E8E712BF15AB4 /* Pods */,
				5F10405CFDE3E034A1B0B9B7 /* Frameworks */,
			);
			sourceTree = "<group>";
		};
		727B0FCB24E3BA4400EF17B9 /* Products */ = {
			isa = PBXGroup;
			children = (
				727B0FCA24E3BA4400EF17B9 /* SPHSampleTest.app */,
				727B0FE024E3BA4700EF17B9 /* SPHSampleTestTests.xctest */,
				727B0FEB24E3BA4700EF17B9 /* SPHSampleTestUITests.xctest */,
			);
			name = Products;
			sourceTree = "<group>";
		};
		727B0FCC24E3BA4400EF17B9 /* SPHSampleTest */ = {
			isa = PBXGroup;
			children = (
				727B0FCD24E3BA4400EF17B9 /* AppDelegate.swift */,
				727B100124E3BCBA00EF17B9 /* ViewController */,
				727B100024E3BC9D00EF17B9 /* TableViewCell */,
				727B0FFF24E3BC7B00EF17B9 /* BaseClass */,
				727B0FFE24E3BC6400EF17B9 /* Constants */,
				727B0FFD24E3BC4A00EF17B9 /* VIP */,
				727B0FD324E3BA4400EF17B9 /* Main.storyboard */,
				727B0FD624E3BA4700EF17B9 /* Assets.xcassets */,
				727B0FD824E3BA4700EF17B9 /* LaunchScreen.storyboard */,
				727B0FDB24E3BA4700EF17B9 /* Info.plist */,
			);
			path = SPHSampleTest;
			sourceTree = "<group>";
		};
		727B0FE324E3BA4700EF17B9 /* SPHSampleTestTests */ = {
			isa = PBXGroup;
			children = (
				727B0FE424E3BA4700EF17B9 /* SPHSampleTestTests.swift */,
				727B0FE624E3BA4700EF17B9 /* Info.plist */,
			);
			path = SPHSampleTestTests;
			sourceTree = "<group>";
		};
		727B0FEE24E3BA4700EF17B9 /* SPHSampleTestUITests */ = {
			isa = PBXGroup;
			children = (
				727B0FEF24E3BA4700EF17B9 /* SPHSampleTestUITests.swift */,
				727B0FF124E3BA4700EF17B9 /* Info.plist */,
			);
			path = SPHSampleTestUITests;
			sourceTree = "<group>";
		};
		727B0FFD24E3BC4A00EF17B9 /* VIP */ = {
			isa = PBXGroup;
			children = (
				727B100824E3BD2E00EF17B9 /* SPHDataInteractor.swift */,
				727B100A24E3BD3C00EF17B9 /* SPHDataModel.swift */,
				727B100C24E3BD4400EF17B9 /* SPHDataPresenter.swift */,
				727B100E24E3BD6E00EF17B9 /* SPHDataRouter.swift */,
				727B101024E3BD7700EF17B9 /* SPHDataViewModel.swift */,
				727B101224E3BD7F00EF17B9 /* SPHDataWorker.swift */,
			);
			path = VIP;
			sourceTree = "<group>";
		};
		727B0FFE24E3BC6400EF17B9 /* Constants */ = {
			isa = PBXGroup;
			children = (
				727B100224E3BCF700EF17B9 /* UrlConstant.swift */,
			);
			path = Constants;
			sourceTree = "<group>";
		};
		727B0FFF24E3BC7B00EF17B9 /* BaseClass */ = {
			isa = PBXGroup;
			children = (
				727B100424E3BD1200EF17B9 /* SPHTableViewCell.swift */,
			);
			path = BaseClass;
			sourceTree = "<group>";
		};
		727B100024E3BC9D00EF17B9 /* TableViewCell */ = {
			isa = PBXGroup;
			children = (
				727B101624E3C94F00EF17B9 /* SPHDataTableViewCell.xib */,
				727B101424E3BD9900EF17B9 /* SPHDataTableViewCell.swift */,
			);
			path = TableViewCell;
			sourceTree = "<group>";
		};
		727B100124E3BCBA00EF17B9 /* ViewController */ = {
			isa = PBXGroup;
			children = (
				727B100624E3BD2100EF17B9 /* SPHDataViewController.swift */,
			);
			path = ViewController;
			sourceTree = "<group>";
		};
/* End PBXGroup section */

/* Begin PBXNativeTarget section */
		727B0FC924E3BA4400EF17B9 /* SPHSampleTest */ = {
			isa = PBXNativeTarget;
			buildConfigurationList = 727B0FF424E3BA4700EF17B9 /* Build configuration list for PBXNativeTarget "SPHSampleTest" */;
			buildPhases = (
				C3D8EF1F0CDE66A596B58D6E /* [CP] Check Pods Manifest.lock */,
				727B0FC624E3BA4400EF17B9 /* Sources */,
				727B0FC724E3BA4400EF17B9 /* Frameworks */,
				727B0FC824E3BA4400EF17B9 /* Resources */,
				12A6854BB22FFAFF758B304F /* [CP] Embed Pods Frameworks */,
			);
			buildRules = (
			);
			dependencies = (
			);
			name = SPHSampleTest;
			productName = SPHSampleTest;
			productReference = 727B0FCA24E3BA4400EF17B9 /* SPHSampleTest.app */;
			productType = "com.apple.product-type.application";
		};
		727B0FDF24E3BA4700EF17B9 /* SPHSampleTestTests */ = {
			isa = PBXNativeTarget;
			buildConfigurationList = 727B0FF724E3BA4700EF17B9 /* Build configuration list for PBXNativeTarget "SPHSampleTestTests" */;
			buildPhases = (
				A8AC8B449BDF8822011208D4 /* [CP] Check Pods Manifest.lock */,
				727B0FDC24E3BA4700EF17B9 /* Sources */,
				727B0FDD24E3BA4700EF17B9 /* Frameworks */,
				727B0FDE24E3BA4700EF17B9 /* Resources */,
			);
			buildRules = (
			);
			dependencies = (
				727B0FE224E3BA4700EF17B9 /* PBXTargetDependency */,
			);
			name = SPHSampleTestTests;
			productName = SPHSampleTestTests;
			productReference = 727B0FE024E3BA4700EF17B9 /* SPHSampleTestTests.xctest */;
			productType = "com.apple.product-type.bundle.unit-test";
		};
		727B0FEA24E3BA4700EF17B9 /* SPHSampleTestUITests */ = {
			isa = PBXNativeTarget;
			buildConfigurationList = 727B0FFA24E3BA4700EF17B9 /* Build configuration list for PBXNativeTarget "SPHSampleTestUITests" */;
			buildPhases = (
				C230C70C183755C0297FB954 /* [CP] Check Pods Manifest.lock */,
				727B0FE724E3BA4700EF17B9 /* Sources */,
				727B0FE824E3BA4700EF17B9 /* Frameworks */,
				727B0FE924E3BA4700EF17B9 /* Resources */,
				D79129E0E8BDAFD8A94A8E67 /* [CP] Embed Pods Frameworks */,
			);
			buildRules = (
			);
			dependencies = (
				727B0FED24E3BA4700EF17B9 /* PBXTargetDependency */,
			);
			name = SPHSampleTestUITests;
			productName = SPHSampleTestUITests;
			productReference = 727B0FEB24E3BA4700EF17B9 /* SPHSampleTestUITests.xctest */;
			productType = "com.apple.product-type.bundle.ui-testing";
		};
/* End PBXNativeTarget section */

/* Begin PBXProject section */
		727B0FC224E3BA4400EF17B9 /* Project object */ = {
			isa = PBXProject;
			attributes = {
				LastSwiftUpdateCheck = 1120;
				LastUpgradeCheck = 1120;
				ORGANIZATIONNAME = rajesh;
				TargetAttributes = {
					727B0FC924E3BA4400EF17B9 = {
						CreatedOnToolsVersion = 11.2.1;
					};
					727B0FDF24E3BA4700EF17B9 = {
						CreatedOnToolsVersion = 11.2.1;
						TestTargetID = 727B0FC924E3BA4400EF17B9;
					};
					727B0FEA24E3BA4700EF17B9 = {
						CreatedOnToolsVersion = 11.2.1;
						TestTargetID = 727B0FC924E3BA4400EF17B9;
					};
				};
			};
			buildConfigurationList = 727B0FC524E3BA4400EF17B9 /* Build configuration list for PBXProject "SPHSampleTest" */;
			compatibilityVersion = "Xcode 9.3";
			developmentRegion = en;
			hasScannedForEncodings = 0;
			knownRegions = (
				en,
				Base,
			);
			mainGroup = 727B0FC124E3BA4400EF17B9;
			productRefGroup = 727B0FCB24E3BA4400EF17B9 /* Products */;
			projectDirPath = "";
			projectRoot = "";
			targets = (
				727B0FC924E3BA4400EF17B9 /* SPHSampleTest */,
				727B0FDF24E3BA4700EF17B9 /* SPHSampleTestTests */,
				727B0FEA24E3BA4700EF17B9 /* SPHSampleTestUITests */,
			);
		};
/* End PBXProject section */

/* Begin PBXResourcesBuildPhase section */
		727B0FC824E3BA4400EF17B9 /* Resources */ = {
			isa = PBXResourcesBuildPhase;
			buildActionMask = 2147483647;
			files = (
				727B0FDA24E3BA4700EF17B9 /* LaunchScreen.storyboard in Resources */,
				727B101724E3C94F00EF17B9 /* SPHDataTableViewCell.xib in Resources */,
				727B0FD724E3BA4700EF17B9 /* Assets.xcassets in Resources */,
				727B0FD524E3BA4400EF17B9 /* Main.storyboard in Resources */,
			);
			runOnlyForDeploymentPostprocessing = 0;
		};
		727B0FDE24E3BA4700EF17B9 /* Resources */ = {
			isa = PBXResourcesBuildPhase;
			buildActionMask = 2147483647;
			files = (
			);
			runOnlyForDeploymentPostprocessing = 0;
		};
		727B0FE924E3BA4700EF17B9 /* Resources */ = {
			isa = PBXResourcesBuildPhase;
			buildActionMask = 2147483647;
			files = (
			);
			runOnlyForDeploymentPostprocessing = 0;
		};
/* End PBXResourcesBuildPhase section */

/* Begin PBXShellScriptBuildPhase section */
		12A6854BB22FFAFF758B304F /* [CP] Embed Pods Frameworks */ = {
			isa = PBXShellScriptBuildPhase;
			buildActionMask = 2147483647;
			files = (
			);
			inputFileListPaths = (
				"${PODS_ROOT}/Target Support Files/Pods-SPHSampleTest/Pods-SPHSampleTest-frameworks-${CONFIGURATION}-input-files.xcfilelist",
			);
			name = "[CP] Embed Pods Frameworks";
			outputFileListPaths = (
				"${PODS_ROOT}/Target Support Files/Pods-SPHSampleTest/Pods-SPHSampleTest-frameworks-${CONFIGURATION}-output-files.xcfilelist",
			);
			runOnlyForDeploymentPostprocessing = 0;
			shellPath = /bin/sh;
			shellScript = "\"${PODS_ROOT}/Target Support Files/Pods-SPHSampleTest/Pods-SPHSampleTest-frameworks.sh\"\n";
			showEnvVarsInLog = 0;
		};
		A8AC8B449BDF8822011208D4 /* [CP] Check Pods Manifest.lock */ = {
			isa = PBXShellScriptBuildPhase;
			buildActionMask = 2147483647;
			files = (
			);
			inputFileListPaths = (
			);
			inputPaths = (
				"${PODS_PODFILE_DIR_PATH}/Podfile.lock",
				"${PODS_ROOT}/Manifest.lock",
			);
			name = "[CP] Check Pods Manifest.lock";
			outputFileListPaths = (
			);
			outputPaths = (
				"$(DERIVED_FILE_DIR)/Pods-SPHSampleTestTests-checkManifestLockResult.txt",
			);
			runOnlyForDeploymentPostprocessing = 0;
			shellPath = /bin/sh;
			shellScript = "diff \"${PODS_PODFILE_DIR_PATH}/Podfile.lock\" \"${PODS_ROOT}/Manifest.lock\" > /dev/null\nif [ $? != 0 ] ; then\n    # print error to STDERR\n    echo \"error: The sandbox is not in sync with the Podfile.lock. Run 'pod install' or update your CocoaPods installation.\" >&2\n    exit 1\nfi\n# This output is used by Xcode 'outputs' to avoid re-running this script phase.\necho \"SUCCESS\" > \"${SCRIPT_OUTPUT_FILE_0}\"\n";
			showEnvVarsInLog = 0;
		};
		C230C70C183755C0297FB954 /* [CP] Check Pods Manifest.lock */ = {
			isa = PBXShellScriptBuildPhase;
			buildActionMask = 2147483647;
			files = (
			);
			inputFileListPaths = (
			);
			inputPaths = (
				"${PODS_PODFILE_DIR_PATH}/Podfile.lock",
				"${PODS_ROOT}/Manifest.lock",
			);
			name = "[CP] Check Pods Manifest.lock";
			outputFileListPaths = (
			);
			outputPaths = (
				"$(DERIVED_FILE_DIR)/Pods-SPHSampleTest-SPHSampleTestUITests-checkManifestLockResult.txt",
			);
			runOnlyForDeploymentPostprocessing = 0;
			shellPath = /bin/sh;
			shellScript = "diff \"${PODS_PODFILE_DIR_PATH}/Podfile.lock\" \"${PODS_ROOT}/Manifest.lock\" > /dev/null\nif [ $? != 0 ] ; then\n    # print error to STDERR\n    echo \"error: The sandbox is not in sync with the Podfile.lock. Run 'pod install' or update your CocoaPods installation.\" >&2\n    exit 1\nfi\n# This output is used by Xcode 'outputs' to avoid re-running this script phase.\necho \"SUCCESS\" > \"${SCRIPT_OUTPUT_FILE_0}\"\n";
			showEnvVarsInLog = 0;
		};
		C3D8EF1F0CDE66A596B58D6E /* [CP] Check Pods Manifest.lock */ = {
			isa = PBXShellScriptBuildPhase;
			buildActionMask = 2147483647;
			files = (
			);
			inputFileListPaths = (
			);
			inputPaths = (
				"${PODS_PODFILE_DIR_PATH}/Podfile.lock",
				"${PODS_ROOT}/Manifest.lock",
			);
			name = "[CP] Check Pods Manifest.lock";
			outputFileListPaths = (
			);
			outputPaths = (
				"$(DERIVED_FILE_DIR)/Pods-SPHSampleTest-checkManifestLockResult.txt",
			);
			runOnlyForDeploymentPostprocessing = 0;
			shellPath = /bin/sh;
			shellScript = "diff \"${PODS_PODFILE_DIR_PATH}/Podfile.lock\" \"${PODS_ROOT}/Manifest.lock\" > /dev/null\nif [ $? != 0 ] ; then\n    # print error to STDERR\n    echo \"error: The sandbox is not in sync with the Podfile.lock. Run 'pod install' or update your CocoaPods installation.\" >&2\n    exit 1\nfi\n# This output is used by Xcode 'outputs' to avoid re-running this script phase.\necho \"SUCCESS\" > \"${SCRIPT_OUTPUT_FILE_0}\"\n";
			showEnvVarsInLog = 0;
		};
		D79129E0E8BDAFD8A94A8E67 /* [CP] Embed Pods Frameworks */ = {
			isa = PBXShellScriptBuildPhase;
			buildActionMask = 2147483647;
			files = (
			);
			inputFileListPaths = (
				"${PODS_ROOT}/Target Support Files/Pods-SPHSampleTest-SPHSampleTestUITests/Pods-SPHSampleTest-SPHSampleTestUITests-frameworks-${CONFIGURATION}-input-files.xcfilelist",
			);
			name = "[CP] Embed Pods Frameworks";
			outputFileListPaths = (
				"${PODS_ROOT}/Target Support Files/Pods-SPHSampleTest-SPHSampleTestUITests/Pods-SPHSampleTest-SPHSampleTestUITests-frameworks-${CONFIGURATION}-output-files.xcfilelist",
			);
			runOnlyForDeploymentPostprocessing = 0;
			shellPath = /bin/sh;
			shellScript = "\"${PODS_ROOT}/Target Support Files/Pods-SPHSampleTest-SPHSampleTestUITests/Pods-SPHSampleTest-SPHSampleTestUITests-frameworks.sh\"\n";
			showEnvVarsInLog = 0;
		};
/* End PBXShellScriptBuildPhase section */

/* Begin PBXSourcesBuildPhase section */
		727B0FC624E3BA4400EF17B9 /* Sources */ = {
			isa = PBXSourcesBuildPhase;
			buildActionMask = 2147483647;
			files = (
				727B101324E3BD7F00EF17B9 /* SPHDataWorker.swift in Sources */,
				727B100924E3BD2E00EF17B9 /* SPHDataInteractor.swift in Sources */,
				727B100724E3BD2100EF17B9 /* SPHDataViewController.swift in Sources */,
				727B100F24E3BD6E00EF17B9 /* SPHDataRouter.swift in Sources */,
				727B100B24E3BD3C00EF17B9 /* SPHDataModel.swift in Sources */,
				727B0FCE24E3BA4400EF17B9 /* AppDelegate.swift in Sources */,
				727B101124E3BD7700EF17B9 /* SPHDataViewModel.swift in Sources */,
				727B100324E3BCF700EF17B9 /* UrlConstant.swift in Sources */,
				727B101524E3BD9900EF17B9 /* SPHDataTableViewCell.swift in Sources */,
				727B100D24E3BD4400EF17B9 /* SPHDataPresenter.swift in Sources */,
				727B100524E3BD1200EF17B9 /* SPHTableViewCell.swift in Sources */,
			);
			runOnlyForDeploymentPostprocessing = 0;
		};
		727B0FDC24E3BA4700EF17B9 /* Sources */ = {
			isa = PBXSourcesBuildPhase;
			buildActionMask = 2147483647;
			files = (
				727B0FE524E3BA4700EF17B9 /* SPHSampleTestTests.swift in Sources */,
			);
			runOnlyForDeploymentPostprocessing = 0;
		};
		727B0FE724E3BA4700EF17B9 /* Sources */ = {
			isa = PBXSourcesBuildPhase;
			buildActionMask = 2147483647;
			files = (
				727B0FF024E3BA4700EF17B9 /* SPHSampleTestUITests.swift in Sources */,
			);
			runOnlyForDeploymentPostprocessing = 0;
		};
/* End PBXSourcesBuildPhase section */

/* Begin PBXTargetDependency section */
		727B0FE224E3BA4700EF17B9 /* PBXTargetDependency */ = {
			isa = PBXTargetDependency;
			target = 727B0FC924E3BA4400EF17B9 /* SPHSampleTest */;
			targetProxy = 727B0FE124E3BA4700EF17B9 /* PBXContainerItemProxy */;
		};
		727B0FED24E3BA4700EF17B9 /* PBXTargetDependency */ = {
			isa = PBXTargetDependency;
			target = 727B0FC924E3BA4400EF17B9 /* SPHSampleTest */;
			targetProxy = 727B0FEC24E3BA4700EF17B9 /* PBXContainerItemProxy */;
		};
/* End PBXTargetDependency section */

/* Begin PBXVariantGroup section */
		727B0FD324E3BA4400EF17B9 /* Main.storyboard */ = {
			isa = PBXVariantGroup;
			children = (
				727B0FD424E3BA4400EF17B9 /* Base */,
			);
			name = Main.storyboard;
			sourceTree = "<group>";
		};
		727B0FD824E3BA4700EF17B9 /* LaunchScreen.storyboard */ = {
			isa = PBXVariantGroup;
			children = (
				727B0FD924E3BA4700EF17B9 /* Base */,
			);
			name = LaunchScreen.storyboard;
			sourceTree = "<group>";
		};
/* End PBXVariantGroup section */

/* Begin XCBuildConfiguration section */
		727B0FF224E3BA4700EF17B9 /* Debug */ = {
			isa = XCBuildConfiguration;
			buildSettings = {
				ALWAYS_SEARCH_USER_PATHS = NO;
				CLANG_ANALYZER_NONNULL = YES;
				CLANG_ANALYZER_NUMBER_OBJECT_CONVERSION = YES_AGGRESSIVE;
				CLANG_CXX_LANGUAGE_STANDARD = "gnu++14";
				CLANG_CXX_LIBRARY = "libc++";
				CLANG_ENABLE_MODULES = YES;
				CLANG_ENABLE_OBJC_ARC = YES;
				CLANG_ENABLE_OBJC_WEAK = YES;
				CLANG_WARN_BLOCK_CAPTURE_AUTORELEASING = YES;
				CLANG_WARN_BOOL_CONVERSION = YES;
				CLANG_WARN_COMMA = YES;
				CLANG_WARN_CONSTANT_CONVERSION = YES;
				CLANG_WARN_DEPRECATED_OBJC_IMPLEMENTATIONS = YES;
				CLANG_WARN_DIRECT_OBJC_ISA_USAGE = YES_ERROR;
				CLANG_WARN_DOCUMENTATION_COMMENTS = YES;
				CLANG_WARN_EMPTY_BODY = YES;
				CLANG_WARN_ENUM_CONVERSION = YES;
				CLANG_WARN_INFINITE_RECURSION = YES;
				CLANG_WARN_INT_CONVERSION = YES;
				CLANG_WARN_NON_LITERAL_NULL_CONVERSION = YES;
				CLANG_WARN_OBJC_IMPLICIT_RETAIN_SELF = YES;
				CLANG_WARN_OBJC_LITERAL_CONVERSION = YES;
				CLANG_WARN_OBJC_ROOT_CLASS = YES_ERROR;
				CLANG_WARN_RANGE_LOOP_ANALYSIS = YES;
				CLANG_WARN_STRICT_PROTOTYPES = YES;
				CLANG_WARN_SUSPICIOUS_MOVE = YES;
				CLANG_WARN_UNGUARDED_AVAILABILITY = YES_AGGRESSIVE;
				CLANG_WARN_UNREACHABLE_CODE = YES;
				CLANG_WARN__DUPLICATE_METHOD_MATCH = YES;
				COPY_PHASE_STRIP = NO;
				DEBUG_INFORMATION_FORMAT = dwarf;
				ENABLE_STRICT_OBJC_MSGSEND = YES;
				ENABLE_TESTABILITY = YES;
				GCC_C_LANGUAGE_STANDARD = gnu11;
				GCC_DYNAMIC_NO_PIC = NO;
				GCC_NO_COMMON_BLOCKS = YES;
				GCC_OPTIMIZATION_LEVEL = 0;
				GCC_PREPROCESSOR_DEFINITIONS = (
					"DEBUG=1",
					"$(inherited)",
				);
				GCC_WARN_64_TO_32_BIT_CONVERSION = YES;
				GCC_WARN_ABOUT_RETURN_TYPE = YES_ERROR;
				GCC_WARN_UNDECLARED_SELECTOR = YES;
				GCC_WARN_UNINITIALIZED_AUTOS = YES_AGGRESSIVE;
				GCC_WARN_UNUSED_FUNCTION = YES;
				GCC_WARN_UNUSED_VARIABLE = YES;
				IPHONEOS_DEPLOYMENT_TARGET = 13.2;
				MTL_ENABLE_DEBUG_INFO = INCLUDE_SOURCE;
				MTL_FAST_MATH = YES;
				ONLY_ACTIVE_ARCH = YES;
				SDKROOT = iphoneos;
				SWIFT_ACTIVE_COMPILATION_CONDITIONS = DEBUG;
				SWIFT_OPTIMIZATION_LEVEL = "-Onone";
			};
			name = Debug;
		};
		727B0FF324E3BA4700EF17B9 /* Release */ = {
			isa = XCBuildConfiguration;
			buildSettings = {
				ALWAYS_SEARCH_USER_PATHS = NO;
				CLANG_ANALYZER_NONNULL = YES;
				CLANG_ANALYZER_NUMBER_OBJECT_CONVERSION = YES_AGGRESSIVE;
				CLANG_CXX_LANGUAGE_STANDARD = "gnu++14";
				CLANG_CXX_LIBRARY = "libc++";
				CLANG_ENABLE_MODULES = YES;
				CLANG_ENABLE_OBJC_ARC = YES;
				CLANG_ENABLE_OBJC_WEAK = YES;
				CLANG_WARN_BLOCK_CAPTURE_AUTORELEASING = YES;
				CLANG_WARN_BOOL_CONVERSION = YES;
				CLANG_WARN_COMMA = YES;
				CLANG_WARN_CONSTANT_CONVERSION = YES;
				CLANG_WARN_DEPRECATED_OBJC_IMPLEMENTATIONS = YES;
				CLANG_WARN_DIRECT_OBJC_ISA_USAGE = YES_ERROR;
				CLANG_WARN_DOCUMENTATION_COMMENTS = YES;
				CLANG_WARN_EMPTY_BODY = YES;
				CLANG_WARN_ENUM_CONVERSION = YES;
				CLANG_WARN_INFINITE_RECURSION = YES;
				CLANG_WARN_INT_CONVERSION = YES;
				CLANG_WARN_NON_LITERAL_NULL_CONVERSION = YES;
				CLANG_WARN_OBJC_IMPLICIT_RETAIN_SELF = YES;
				CLANG_WARN_OBJC_LITERAL_CONVERSION = YES;
				CLANG_WARN_OBJC_ROOT_CLASS = YES_ERROR;
				CLANG_WARN_RANGE_LOOP_ANALYSIS = YES;
				CLANG_WARN_STRICT_PROTOTYPES = YES;
				CLANG_WARN_SUSPICIOUS_MOVE = YES;
				CLANG_WARN_UNGUARDED_AVAILABILITY = YES_AGGRESSIVE;
				CLANG_WARN_UNREACHABLE_CODE = YES;
				CLANG_WARN__DUPLICATE_METHOD_MATCH = YES;
				COPY_PHASE_STRIP = NO;
				DEBUG_INFORMATION_FORMAT = "dwarf-with-dsym";
				ENABLE_NS_ASSERTIONS = NO;
				ENABLE_STRICT_OBJC_MSGSEND = YES;
				GCC_C_LANGUAGE_STANDARD = gnu11;
				GCC_NO_COMMON_BLOCKS = YES;
				GCC_WARN_64_TO_32_BIT_CONVERSION = YES;
				GCC_WARN_ABOUT_RETURN_TYPE = YES_ERROR;
				GCC_WARN_UNDECLARED_SELECTOR = YES;
				GCC_WARN_UNINITIALIZED_AUTOS = YES_AGGRESSIVE;
				GCC_WARN_UNUSED_FUNCTION = YES;
				GCC_WARN_UNUSED_VARIABLE = YES;
				IPHONEOS_DEPLOYMENT_TARGET = 13.2;
				MTL_ENABLE_DEBUG_INFO = NO;
				MTL_FAST_MATH = YES;
				SDKROOT = iphoneos;
				SWIFT_COMPILATION_MODE = wholemodule;
				SWIFT_OPTIMIZATION_LEVEL = "-O";
				VALIDATE_PRODUCT = YES;
			};
			name = Release;
		};
		727B0FF524E3BA4700EF17B9 /* Debug */ = {
			isa = XCBuildConfiguration;
			baseConfigurationReference = 37500F5D393D7D6D76AF4396 /* Pods-SPHSampleTest.debug.xcconfig */;
			buildSettings = {
				ASSETCATALOG_COMPILER_APPICON_NAME = AppIcon;
				CODE_SIGN_STYLE = Automatic;
				DEVELOPMENT_TEAM = 4P5GMKTJ86;
				INFOPLIST_FILE = SPHSampleTest/Info.plist;
				IPHONEOS_DEPLOYMENT_TARGET = 11.0;
				LD_RUNPATH_SEARCH_PATHS = (
					"$(inherited)",
					"@executable_path/Frameworks",
				);
				PRODUCT_BUNDLE_IDENTIFIER = com.rajesh.SPHSampleTest;
				PRODUCT_NAME = "$(TARGET_NAME)";
				SWIFT_VERSION = 5.0;
				TARGETED_DEVICE_FAMILY = "1,2";
			};
			name = Debug;
		};
		727B0FF624E3BA4700EF17B9 /* Release */ = {
			isa = XCBuildConfiguration;
			baseConfigurationReference = B228383BBB8E03A435CAB39E /* Pods-SPHSampleTest.release.xcconfig */;
			buildSettings = {
				ASSETCATALOG_COMPILER_APPICON_NAME = AppIcon;
				CODE_SIGN_STYLE = Automatic;
				DEVELOPMENT_TEAM = 4P5GMKTJ86;
				INFOPLIST_FILE = SPHSampleTest/Info.plist;
				IPHONEOS_DEPLOYMENT_TARGET = 11.0;
				LD_RUNPATH_SEARCH_PATHS = (
					"$(inherited)",
					"@executable_path/Frameworks",
				);
				PRODUCT_BUNDLE_IDENTIFIER = com.rajesh.SPHSampleTest;
				PRODUCT_NAME = "$(TARGET_NAME)";
				SWIFT_VERSION = 5.0;
				TARGETED_DEVICE_FAMILY = "1,2";
			};
			name = Release;
		};
		727B0FF824E3BA4700EF17B9 /* Debug */ = {
			isa = XCBuildConfiguration;
			baseConfigurationReference = 5E2F5C12148C5A6300780E59 /* Pods-SPHSampleTestTests.debug.xcconfig */;
			buildSettings = {
				ALWAYS_EMBED_SWIFT_STANDARD_LIBRARIES = YES;
				BUNDLE_LOADER = "$(TEST_HOST)";
				CODE_SIGN_STYLE = Automatic;
				DEVELOPMENT_TEAM = 4P5GMKTJ86;
				INFOPLIST_FILE = SPHSampleTestTests/Info.plist;
				IPHONEOS_DEPLOYMENT_TARGET = 13.2;
				LD_RUNPATH_SEARCH_PATHS = (
					"$(inherited)",
					"@executable_path/Frameworks",
					"@loader_path/Frameworks",
				);
				PRODUCT_BUNDLE_IDENTIFIER = com.rajesh.SPHSampleTestTests;
				PRODUCT_NAME = "$(TARGET_NAME)";
				SWIFT_VERSION = 5.0;
				TARGETED_DEVICE_FAMILY = "1,2";
				TEST_HOST = "$(BUILT_PRODUCTS_DIR)/SPHSampleTest.app/SPHSampleTest";
			};
			name = Debug;
		};
		727B0FF924E3BA4700EF17B9 /* Release */ = {
			isa = XCBuildConfiguration;
			baseConfigurationReference = 07AA7D894508C24E7918841C /* Pods-SPHSampleTestTests.release.xcconfig */;
			buildSettings = {
				ALWAYS_EMBED_SWIFT_STANDARD_LIBRARIES = YES;
				BUNDLE_LOADER = "$(TEST_HOST)";
				CODE_SIGN_STYLE = Automatic;
				DEVELOPMENT_TEAM = 4P5GMKTJ86;
				INFOPLIST_FILE = SPHSampleTestTests/Info.plist;
				IPHONEOS_DEPLOYMENT_TARGET = 13.2;
				LD_RUNPATH_SEARCH_PATHS = (
					"$(inherited)",
					"@executable_path/Frameworks",
					"@loader_path/Frameworks",
				);
				PRODUCT_BUNDLE_IDENTIFIER = com.rajesh.SPHSampleTestTests;
				PRODUCT_NAME = "$(TARGET_NAME)";
				SWIFT_VERSION = 5.0;
				TARGETED_DEVICE_FAMILY = "1,2";
				TEST_HOST = "$(BUILT_PRODUCTS_DIR)/SPHSampleTest.app/SPHSampleTest";
			};
			name = Release;
		};
		727B0FFB24E3BA4700EF17B9 /* Debug */ = {
			isa = XCBuildConfiguration;
			baseConfigurationReference = CAE9E35C1A6A5553973996A9 /* Pods-SPHSampleTest-SPHSampleTestUITests.debug.xcconfig */;
			buildSettings = {
				ALWAYS_EMBED_SWIFT_STANDARD_LIBRARIES = YES;
				CODE_SIGN_STYLE = Automatic;
				DEVELOPMENT_TEAM = 4P5GMKTJ86;
				INFOPLIST_FILE = SPHSampleTestUITests/Info.plist;
				LD_RUNPATH_SEARCH_PATHS = (
					"$(inherited)",
					"@executable_path/Frameworks",
					"@loader_path/Frameworks",
				);
				PRODUCT_BUNDLE_IDENTIFIER = com.rajesh.SPHSampleTestUITests;
				PRODUCT_NAME = "$(TARGET_NAME)";
				SWIFT_VERSION = 5.0;
				TARGETED_DEVICE_FAMILY = "1,2";
				TEST_TARGET_NAME = SPHSampleTest;
			};
			name = Debug;
		};
		727B0FFC24E3BA4700EF17B9 /* Release */ = {
			isa = XCBuildConfiguration;
			baseConfigurationReference = B754CB46FD23C9176581CE72 /* Pods-SPHSampleTest-SPHSampleTestUITests.release.xcconfig */;
			buildSettings = {
				ALWAYS_EMBED_SWIFT_STANDARD_LIBRARIES = YES;
				CODE_SIGN_STYLE = Automatic;
				DEVELOPMENT_TEAM = 4P5GMKTJ86;
				INFOPLIST_FILE = SPHSampleTestUITests/Info.plist;
				LD_RUNPATH_SEARCH_PATHS = (
					"$(inherited)",
					"@executable_path/Frameworks",
					"@loader_path/Frameworks",
				);
				PRODUCT_BUNDLE_IDENTIFIER = com.rajesh.SPHSampleTestUITests;
				PRODUCT_NAME = "$(TARGET_NAME)";
				SWIFT_VERSION = 5.0;
				TARGETED_DEVICE_FAMILY = "1,2";
				TEST_TARGET_NAME = SPHSampleTest;
			};
			name = Release;
		};
/* End XCBuildConfiguration section */

/* Begin XCConfigurationList section */
		727B0FC524E3BA4400EF17B9 /* Build configuration list for PBXProject "SPHSampleTest" */ = {
			isa = XCConfigurationList;
			buildConfigurations = (
				727B0FF224E3BA4700EF17B9 /* Debug */,
				727B0FF324E3BA4700EF17B9 /* Release */,
			);
			defaultConfigurationIsVisible = 0;
			defaultConfigurationName = Release;
		};
		727B0FF424E3BA4700EF17B9 /* Build configuration list for PBXNativeTarget "SPHSampleTest" */ = {
			isa = XCConfigurationList;
			buildConfigurations = (
				727B0FF524E3BA4700EF17B9 /* Debug */,
				727B0FF624E3BA4700EF17B9 /* Release */,
			);
			defaultConfigurationIsVisible = 0;
			defaultConfigurationName = Release;
		};
		727B0FF724E3BA4700EF17B9 /* Build configuration list for PBXNativeTarget "SPHSampleTestTests" */ = {
			isa = XCConfigurationList;
			buildConfigurations = (
				727B0FF824E3BA4700EF17B9 /* Debug */,
				727B0FF924E3BA4700EF17B9 /* Release */,
			);
			defaultConfigurationIsVisible = 0;
			defaultConfigurationName = Release;
		};
		727B0FFA24E3BA4700EF17B9 /* Build configuration list for PBXNativeTarget "SPHSampleTestUITests" */ = {
			isa = XCConfigurationList;
			buildConfigurations = (
				727B0FFB24E3BA4700EF17B9 /* Debug */,
				727B0FFC24E3BA4700EF17B9 /* Release */,
			);
			defaultConfigurationIsVisible = 0;
			defaultConfigurationName = Release;
		};
/* End XCConfigurationList section */
	};
	rootObject = 727B0FC224E3BA4400EF17B9 /* Project object */;
}
